
Microsoft Visual Studio Solution File, Format Version 12.00
# Visual Studio Version 17
VisualStudioVersion = 17.7.34024.191
MinimumVisualStudioVersion = 10.0.40219.1
Project("{FAE04EC0-301F-11D3-BF4B-00C04F79EFBC}") = "Herencia1", "Herencia1.csproj", "{07E73E66-8D8D-4E91-8C94-FDCA7B3055D3}"
EndProject
Global
	GlobalSection(SolutionConfigurationPlatforms) = preSolution
		Debug|Any CPU = Debug|Any CPU
		Release|Any CPU = Release|Any CPU
	EndGlobalSection
	GlobalSection(ProjectConfigurationPlatforms) = postSolution
		{07E73E66-8D8D-4E91-8C94-FDCA7B3055D3}.Debug|Any CPU.ActiveCfg = Debug|Any CPU
		{07E73E66-8D8D-4E91-8C94-FDCA7B3055D3}.Debug|Any CPU.Build.0 = Debug|Any CPU
		{07E73E66-8D8D-4E91-8C94-FDCA7B3055D3}.Release|Any CPU.ActiveCfg = Release|Any CPU
		{07E73E66-8D8D-4E91-8C94-FDCA7B3055D3}.Release|Any CPU.Build.0 = Release|Any CPU
	EndGlobalSection
	GlobalSection(SolutionProperties) = preSolution
		HideSolutionNode = FALSE
	EndGlobalSection
	GlobalSection(ExtensibilityGlobals) = postSolution
		SolutionGuid = {7C6FC6FF-1D90-48C0-B981-9E577C9DB7A9}
	EndGlobalSection
EndGlobal
